version = 1
requires-python = ">=3.13"

[[package]]
name = "aiofiles"
version = "24.1.0"
source = { registry = "https://pypi.org/simple" }
sdist = { url = "https://files.pythonhosted.org/packages/0b/03/a88171e277e8caa88a4c77808c20ebb04ba74cc4681bf1e9416c862de237/aiofiles-24.1.0.tar.gz", hash = "sha256:22a075c9e5a3810f0c2e48f3008c94d68c65d763b9b03857924c99e57355166c", size = 30247 }
wheels = [
    { url = "https://files.pythonhosted.org/packages/a5/45/30bb92d442636f570cb5651bc661f52b610e2eec3f891a5dc3a4c3667db0/aiofiles-24.1.0-py3-none-any.whl", hash = "sha256:b4ec55f4195e3eb5d7abd1bf7e061763e864dd4954231fb8539a0ef8bb8260e5", size = 15896 },
]

[[package]]
name = "aiohappyeyeballs"
version = "2.4.0"
source = { registry = "https://pypi.org/simple" }
sdist = { url = "https://files.pythonhosted.org/packages/2d/f7/22bba300a16fd1cad99da1a23793fe43963ee326d012fdf852d0b4035955/aiohappyeyeballs-2.4.0.tar.gz", hash = "sha256:55a1714f084e63d49639800f95716da97a1f173d46a16dfcfda0016abb93b6b2", size = 16786 }
wheels = [
    { url = "https://files.pythonhosted.org/packages/18/b6/58ea188899950d759a837f9a58b2aee1d1a380ea4d6211ce9b1823748851/aiohappyeyeballs-2.4.0-py3-none-any.whl", hash = "sha256:7ce92076e249169a13c2f49320d1967425eaf1f407522d707d59cac7628d62bd", size = 12155 },
]

[[package]]
name = "aiohttp"
version = "3.10.5"
source = { registry = "https://pypi.org/simple" }
dependencies = [
    { name = "aiohappyeyeballs" },
    { name = "aiosignal" },
    { name = "attrs" },
    { name = "frozenlist" },
    { name = "multidict" },
    { name = "yarl" },
]
sdist = { url = "https://files.pythonhosted.org/packages/ca/28/ca549838018140b92a19001a8628578b0f2a3b38c16826212cc6f706e6d4/aiohttp-3.10.5.tar.gz", hash = "sha256:f071854b47d39591ce9a17981c46790acb30518e2f83dfca8db2dfa091178691", size = 7524360 }
wheels = [
    { url = "https://files.pythonhosted.org/packages/7b/b9/03b4327897a5b5d29338fa9b514f1c2f66a3e4fc88a4e40fad478739314d/aiohttp-3.10.5-cp313-cp313-macosx_10_13_universal2.whl", hash = "sha256:7f6b639c36734eaa80a6c152a238242bedcee9b953f23bb887e9102976343092", size = 576994 },
    { url = "https://files.pythonhosted.org/packages/67/1b/20c2e159cd07b8ed6dde71c2258233902fdf415b2fe6174bd2364ba63107/aiohttp-3.10.5-cp313-cp313-macosx_10_13_x86_64.whl", hash = "sha256:f29930bc2921cef955ba39a3ff87d2c4398a0394ae217f41cb02d5c26c8b1b77", size = 390684 },
    { url = "https://files.pythonhosted.org/packages/4d/6b/ff83b34f157e370431d8081c5d1741963f4fb12f9aaddb2cacbf50305225/aiohttp-3.10.5-cp313-cp313-macosx_11_0_arm64.whl", hash = "sha256:f489a2c9e6455d87eabf907ac0b7d230a9786be43fbe884ad184ddf9e9c1e385", size = 386176 },
    { url = "https://files.pythonhosted.org/packages/4d/a1/6e92817eb657de287560962df4959b7ddd22859c4b23a0309e2d3de12538/aiohttp-3.10.5-cp313-cp313-manylinux_2_17_aarch64.manylinux2014_aarch64.whl", hash = "sha256:123dd5b16b75b2962d0fff566effb7a065e33cd4538c1692fb31c3bda2bfb972", size = 1303310 },
    { url = "https://files.pythonhosted.org/packages/04/29/200518dc7a39c30ae6d5bc232d7207446536e93d3d9299b8e95db6e79c54/aiohttp-3.10.5-cp313-cp313-manylinux_2_17_ppc64le.manylinux2014_ppc64le.whl", hash = "sha256:b98e698dc34966e5976e10bbca6d26d6724e6bdea853c7c10162a3235aba6e16", size = 1340445 },
    { url = "https://files.pythonhosted.org/packages/8e/20/53f7bba841ba7b5bb5dea580fea01c65524879ba39cb917d08c845524717/aiohttp-3.10.5-cp313-cp313-manylinux_2_17_s390x.manylinux2014_s390x.whl", hash = "sha256:c3b9162bab7e42f21243effc822652dc5bb5e8ff42a4eb62fe7782bcbcdfacf6", size = 1385121 },
    { url = "https://files.pythonhosted.org/packages/f1/b4/d99354ad614c48dd38fb1ee880a1a54bd9ab2c3bcad3013048d4a1797d3a/aiohttp-3.10.5-cp313-cp313-manylinux_2_17_x86_64.manylinux2014_x86_64.whl", hash = "sha256:1923a5c44061bffd5eebeef58cecf68096e35003907d8201a4d0d6f6e387ccaa", size = 1299669 },
    { url = "https://files.pythonhosted.org/packages/51/39/ca1de675f2a5729c71c327e52ac6344e63f036bd37281686ae5c3fb13bfb/aiohttp-3.10.5-cp313-cp313-manylinux_2_5_i686.manylinux1_i686.manylinux_2_17_i686.manylinux2014_i686.whl", hash = "sha256:d55f011da0a843c3d3df2c2cf4e537b8070a419f891c930245f05d329c4b0689", size = 1252638 },
    { url = "https://files.pythonhosted.org/packages/54/cf/a3ae7ff43138422d477348e309ef8275779701bf305ff6054831ef98b782/aiohttp-3.10.5-cp313-cp313-musllinux_1_2_aarch64.whl", hash = "sha256:afe16a84498441d05e9189a15900640a2d2b5e76cf4efe8cbb088ab4f112ee57", size = 1266889 },
    { url = "https://files.pythonhosted.org/packages/6e/7a/c6027ad70d9fb23cf254a26144de2723821dade1a624446aa22cd0b6d012/aiohttp-3.10.5-cp313-cp313-musllinux_1_2_i686.whl", hash = "sha256:f8112fb501b1e0567a1251a2fd0747baae60a4ab325a871e975b7bb67e59221f", size = 1266249 },
    { url = "https://files.pythonhosted.org/packages/64/fd/ed136d46bc2c7e3342fed24662b4827771d55ceb5a7687847aae977bfc17/aiohttp-3.10.5-cp313-cp313-musllinux_1_2_ppc64le.whl", hash = "sha256:1e72589da4c90337837fdfe2026ae1952c0f4a6e793adbbfbdd40efed7c63599", size = 1311036 },
    { url = "https://files.pythonhosted.org/packages/76/9a/43eeb0166f1119256d6f43468f900db1aed7fbe32069d2a71c82f987db4d/aiohttp-3.10.5-cp313-cp313-musllinux_1_2_s390x.whl", hash = "sha256:4d46c7b4173415d8e583045fbc4daa48b40e31b19ce595b8d92cf639396c15d5", size = 1338756 },
    { url = "https://files.pythonhosted.org/packages/d5/bc/d01ff0810b3f5e26896f76d44225ed78b088ddd33079b85cd1a23514318b/aiohttp-3.10.5-cp313-cp313-musllinux_1_2_x86_64.whl", hash = "sha256:33e6bc4bab477c772a541f76cd91e11ccb6d2efa2b8d7d7883591dfb523e5987", size = 1299976 },
    { url = "https://files.pythonhosted.org/packages/3e/c9/50a297c4f7ab57a949f4add2d3eafe5f3e68bb42f739e933f8b32a092bda/aiohttp-3.10.5-cp313-cp313-win32.whl", hash = "sha256:c58c6837a2c2a7cf3133983e64173aec11f9c2cd8e87ec2fdc16ce727bcf1a04", size = 355609 },
    { url = "https://files.pythonhosted.org/packages/65/28/aee9d04fb0b3b1f90622c338a08e54af5198e704a910e20947c473298fd0/aiohttp-3.10.5-cp313-cp313-win_amd64.whl", hash = "sha256:38172a70005252b6893088c0f5e8a47d173df7cc2b2bd88650957eb84fcf5022", size = 375697 },
]

[[package]]
name = "aiosignal"
version = "1.3.1"
source = { registry = "https://pypi.org/simple" }
dependencies = [
    { name = "frozenlist" },
]
sdist = { url = "https://files.pythonhosted.org/packages/ae/67/0952ed97a9793b4958e5736f6d2b346b414a2cd63e82d05940032f45b32f/aiosignal-1.3.1.tar.gz", hash = "sha256:54cd96e15e1649b75d6c87526a6ff0b6c1b0dd3459f43d9ca11d48c339b68cfc", size = 19422 }
wheels = [
    { url = "https://files.pythonhosted.org/packages/76/ac/a7305707cb852b7e16ff80eaf5692309bde30e2b1100a1fcacdc8f731d97/aiosignal-1.3.1-py3-none-any.whl", hash = "sha256:f8376fb07dd1e86a584e4fcdec80b36b7f81aac666ebc724e2c090300dd83b17", size = 7617 },
]

[[package]]
name = "attrs"
version = "24.2.0"
source = { registry = "https://pypi.org/simple" }
sdist = { url = "https://files.pythonhosted.org/packages/fc/0f/aafca9af9315aee06a89ffde799a10a582fe8de76c563ee80bbcdc08b3fb/attrs-24.2.0.tar.gz", hash = "sha256:5cfb1b9148b5b086569baec03f20d7b6bf3bcacc9a42bebf87ffaaca362f6346", size = 792678 }
wheels = [
    { url = "https://files.pythonhosted.org/packages/6a/21/5b6702a7f963e95456c0de2d495f67bf5fd62840ac655dc451586d23d39a/attrs-24.2.0-py3-none-any.whl", hash = "sha256:81921eb96de3191c8258c199618104dd27ac608d9366f5e35d011eae1867ede2", size = 63001 },
]

[[package]]
name = "certifi"
version = "2024.8.30"
source = { registry = "https://pypi.org/simple" }
sdist = { url = "https://files.pythonhosted.org/packages/b0/ee/9b19140fe824b367c04c5e1b369942dd754c4c5462d5674002f75c4dedc1/certifi-2024.8.30.tar.gz", hash = "sha256:bec941d2aa8195e248a60b31ff9f0558284cf01a52591ceda73ea9afffd69fd9", size = 168507 }
wheels = [
    { url = "https://files.pythonhosted.org/packages/12/90/3c9ff0512038035f59d279fddeb79f5f1eccd8859f06d6163c58798b9487/certifi-2024.8.30-py3-none-any.whl", hash = "sha256:922820b53db7a7257ffbda3f597266d435245903d80737e34f8a45ff3e3230d8", size = 167321 },
]

[[package]]
name = "charset-normalizer"
version = "3.3.2"
source = { registry = "https://pypi.org/simple" }
sdist = { url = "https://files.pythonhosted.org/packages/63/09/c1bc53dab74b1816a00d8d030de5bf98f724c52c1635e07681d312f20be8/charset-normalizer-3.3.2.tar.gz", hash = "sha256:f30c3cb33b24454a82faecaf01b19c18562b1e89558fb6c56de4d9118a032fd5", size = 104809 }
wheels = [
    { url = "https://files.pythonhosted.org/packages/28/76/e6222113b83e3622caa4bb41032d0b1bf785250607392e1b778aca0b8a7d/charset_normalizer-3.3.2-py3-none-any.whl", hash = "sha256:3e4d1f6587322d2788836a99c69062fbb091331ec940e02d12d179c1d53e25fc", size = 48543 },
]

[[package]]
name = "colorama"
version = "0.4.6"
source = { registry = "https://pypi.org/simple" }
sdist = { url = "https://files.pythonhosted.org/packages/d8/53/6f443c9a4a8358a93a6792e2acffb9d9d5cb0a5cfd8802644b7b1c9a02e4/colorama-0.4.6.tar.gz", hash = "sha256:08695f5cb7ed6e0531a20572697297273c47b8cae5a63ffc6d6ed5c201be6e44", size = 27697 }
wheels = [
    { url = "https://files.pythonhosted.org/packages/d1/d6/3965ed04c63042e047cb6a3e6ed1a63a35087b6a609aa3a15ed8ac56c221/colorama-0.4.6-py2.py3-none-any.whl", hash = "sha256:4f1d9991f5acc0ca119f9d443620b77f9d6b33703e51011c16baf57afb285fc6", size = 25335 },
]

[[package]]
name = "frozenlist"
version = "1.4.1"
source = { registry = "https://pypi.org/simple" }
sdist = { url = "https://files.pythonhosted.org/packages/cf/3d/2102257e7acad73efc4a0c306ad3953f68c504c16982bbdfee3ad75d8085/frozenlist-1.4.1.tar.gz", hash = "sha256:c037a86e8513059a2613aaba4d817bb90b9d9b6b69aace3ce9c877e8c8ed402b", size = 37820 }
wheels = [
    { url = "https://files.pythonhosted.org/packages/83/10/466fe96dae1bff622021ee687f68e5524d6392b0a2f80d05001cd3a451ba/frozenlist-1.4.1-py3-none-any.whl", hash = "sha256:04ced3e6a46b4cfffe20f9ae482818e34eba9b5fb0ce4056e4cc9b6e212d09b7", size = 11552 },
]

[[package]]
name = "idna"
version = "3.8"
source = { registry = "https://pypi.org/simple" }
sdist = { url = "https://files.pythonhosted.org/packages/e8/ac/e349c5e6d4543326c6883ee9491e3921e0d07b55fdf3cce184b40d63e72a/idna-3.8.tar.gz", hash = "sha256:d838c2c0ed6fced7693d5e8ab8e734d5f8fda53a039c0164afb0b82e771e3603", size = 189467 }
wheels = [
    { url = "https://files.pythonhosted.org/packages/22/7e/d71db821f177828df9dea8c42ac46473366f191be53080e552e628aad991/idna-3.8-py3-none-any.whl", hash = "sha256:050b4e5baadcd44d760cedbd2b8e639f2ff89bbc7a5730fcc662954303377aac", size = 66894 },
]

[[package]]
name = "iniconfig"
version = "2.1.0"
source = { registry = "https://pypi.org/simple" }
sdist = { url = "https://files.pythonhosted.org/packages/f2/97/ebf4da567aa6827c909642694d71c9fcf53e5b504f2d96afea02718862f3/iniconfig-2.1.0.tar.gz", hash = "sha256:3abbd2e30b36733fee78f9c7f7308f2d0050e88f0087fd25c2645f63c773e1c7", size = 4793 }
wheels = [
    { url = "https://files.pythonhosted.org/packages/2c/e1/e6716421ea10d38022b952c159d5161ca1193197fb744506875fbb87ea7b/iniconfig-2.1.0-py3-none-any.whl", hash = "sha256:9deba5723312380e77435581c6bf4935c94cbfab9b1ed33ef8d238ea168eb760", size = 6050 },
]

[[package]]
name = "load-dotenv"
version = "0.1.0"
source = { registry = "https://pypi.org/simple" }
dependencies = [
    { name = "python-dotenv" },
]
sdist = { url = "https://files.pythonhosted.org/packages/d7/95/055d123dde74bd54b99b27a3c2d8c6e218f544e0bd437480f61ccf85a07f/load-dotenv-0.1.0.tar.gz", hash = "sha256:bbe5f40072d4a61eadca66de6c222df5a2d935d6d41b703be1ff75396f635145", size = 6404 }
wheels = [
    { url = "https://files.pythonhosted.org/packages/14/2e/268a528dfa1f76999435634b0453fdd917ea878a818a6d5981632f7acffb/load_dotenv-0.1.0-py3-none-any.whl", hash = "sha256:614803f720153fb8a5f97124a72aaa3930a67aa5547cbe8603d01ea7f9ac1adf", size = 7175 },
]

[[package]]
name = "multidict"
version = "6.1.0"
source = { registry = "https://pypi.org/simple" }
sdist = { url = "https://files.pythonhosted.org/packages/d6/be/504b89a5e9ca731cd47487e91c469064f8ae5af93b7259758dcfc2b9c848/multidict-6.1.0.tar.gz", hash = "sha256:22ae2ebf9b0c69d206c003e2f6a914ea33f0a932d4aa16f236afc049d9958f4a", size = 64002 }
wheels = [
    { url = "https://files.pythonhosted.org/packages/22/67/1c7c0f39fe069aa4e5d794f323be24bf4d33d62d2a348acdb7991f8f30db/multidict-6.1.0-cp313-cp313-macosx_10_13_universal2.whl", hash = "sha256:d569388c381b24671589335a3be6e1d45546c2988c2ebe30fdcada8457a31008", size = 48771 },
    { url = "https://files.pythonhosted.org/packages/3c/25/c186ee7b212bdf0df2519eacfb1981a017bda34392c67542c274651daf23/multidict-6.1.0-cp313-cp313-macosx_10_13_x86_64.whl", hash = "sha256:052e10d2d37810b99cc170b785945421141bf7bb7d2f8799d431e7db229c385f", size = 29533 },
    { url = "https://files.pythonhosted.org/packages/67/5e/04575fd837e0958e324ca035b339cea174554f6f641d3fb2b4f2e7ff44a2/multidict-6.1.0-cp313-cp313-macosx_11_0_arm64.whl", hash = "sha256:f90c822a402cb865e396a504f9fc8173ef34212a342d92e362ca498cad308e28", size = 29595 },
    { url = "https://files.pythonhosted.org/packages/d3/b2/e56388f86663810c07cfe4a3c3d87227f3811eeb2d08450b9e5d19d78876/multidict-6.1.0-cp313-cp313-manylinux_2_17_aarch64.manylinux2014_aarch64.whl", hash = "sha256:b225d95519a5bf73860323e633a664b0d85ad3d5bede6d30d95b35d4dfe8805b", size = 130094 },
    { url = "https://files.pythonhosted.org/packages/6c/ee/30ae9b4186a644d284543d55d491fbd4239b015d36b23fea43b4c94f7052/multidict-6.1.0-cp313-cp313-manylinux_2_17_ppc64le.manylinux2014_ppc64le.whl", hash = "sha256:23bfd518810af7de1116313ebd9092cb9aa629beb12f6ed631ad53356ed6b86c", size = 134876 },
    { url = "https://files.pythonhosted.org/packages/84/c7/70461c13ba8ce3c779503c70ec9d0345ae84de04521c1f45a04d5f48943d/multidict-6.1.0-cp313-cp313-manylinux_2_17_s390x.manylinux2014_s390x.whl", hash = "sha256:5c09fcfdccdd0b57867577b719c69e347a436b86cd83747f179dbf0cc0d4c1f3", size = 133500 },
    { url = "https://files.pythonhosted.org/packages/4a/9f/002af221253f10f99959561123fae676148dd730e2daa2cd053846a58507/multidict-6.1.0-cp313-cp313-manylinux_2_17_x86_64.manylinux2014_x86_64.whl", hash = "sha256:bf6bea52ec97e95560af5ae576bdac3aa3aae0b6758c6efa115236d9e07dae44", size = 131099 },
    { url = "https://files.pythonhosted.org/packages/82/42/d1c7a7301d52af79d88548a97e297f9d99c961ad76bbe6f67442bb77f097/multidict-6.1.0-cp313-cp313-manylinux_2_5_i686.manylinux1_i686.manylinux_2_17_i686.manylinux2014_i686.whl", hash = "sha256:57feec87371dbb3520da6192213c7d6fc892d5589a93db548331954de8248fd2", size = 120403 },
    { url = "https://files.pythonhosted.org/packages/68/f3/471985c2c7ac707547553e8f37cff5158030d36bdec4414cb825fbaa5327/multidict-6.1.0-cp313-cp313-musllinux_1_2_aarch64.whl", hash = "sha256:0c3f390dc53279cbc8ba976e5f8035eab997829066756d811616b652b00a23a3", size = 125348 },
    { url = "https://files.pythonhosted.org/packages/67/2c/e6df05c77e0e433c214ec1d21ddd203d9a4770a1f2866a8ca40a545869a0/multidict-6.1.0-cp313-cp313-musllinux_1_2_i686.whl", hash = "sha256:59bfeae4b25ec05b34f1956eaa1cb38032282cd4dfabc5056d0a1ec4d696d3aa", size = 119673 },
    { url = "https://files.pythonhosted.org/packages/c5/cd/bc8608fff06239c9fb333f9db7743a1b2eafe98c2666c9a196e867a3a0a4/multidict-6.1.0-cp313-cp313-musllinux_1_2_ppc64le.whl", hash = "sha256:b2f59caeaf7632cc633b5cf6fc449372b83bbdf0da4ae04d5be36118e46cc0aa", size = 129927 },
    { url = "https://files.pythonhosted.org/packages/44/8e/281b69b7bc84fc963a44dc6e0bbcc7150e517b91df368a27834299a526ac/multidict-6.1.0-cp313-cp313-musllinux_1_2_s390x.whl", hash = "sha256:37bb93b2178e02b7b618893990941900fd25b6b9ac0fa49931a40aecdf083fe4", size = 128711 },
    { url = "https://files.pythonhosted.org/packages/12/a4/63e7cd38ed29dd9f1881d5119f272c898ca92536cdb53ffe0843197f6c85/multidict-6.1.0-cp313-cp313-musllinux_1_2_x86_64.whl", hash = "sha256:4e9f48f58c2c523d5a06faea47866cd35b32655c46b443f163d08c6d0ddb17d6", size = 125519 },
    { url = "https://files.pythonhosted.org/packages/38/e0/4f5855037a72cd8a7a2f60a3952d9aa45feedb37ae7831642102604e8a37/multidict-6.1.0-cp313-cp313-win32.whl", hash = "sha256:3a37ffb35399029b45c6cc33640a92bef403c9fd388acce75cdc88f58bd19a81", size = 26426 },
    { url = "https://files.pythonhosted.org/packages/7e/a5/17ee3a4db1e310b7405f5d25834460073a8ccd86198ce044dfaf69eac073/multidict-6.1.0-cp313-cp313-win_amd64.whl", hash = "sha256:e9aa71e15d9d9beaad2c6b9319edcdc0a49a43ef5c0a4c8265ca9ee7d6c67774", size = 28531 },
    { url = "https://files.pythonhosted.org/packages/99/b7/b9e70fde2c0f0c9af4cc5277782a89b66d35948ea3369ec9f598358c3ac5/multidict-6.1.0-py3-none-any.whl", hash = "sha256:48e171e52d1c4d33888e529b999e5900356b9ae588c2f09a52dcefb158b27506", size = 10051 },
]

[[package]]
name = "packaging"
version = "25.0"
source = { registry = "https://pypi.org/simple" }
sdist = { url = "https://files.pythonhosted.org/packages/a1/d4/1fc4078c65507b51b96ca8f8c3ba19e6a61c8253c72794544580a7b6c24d/packaging-25.0.tar.gz", hash = "sha256:d443872c98d677bf60f6a1f2f8c1cb748e8fe762d2bf9d3148b5599295b0fc4f", size = 165727 }
wheels = [
    { url = "https://files.pythonhosted.org/packages/20/12/38679034af332785aac8774540895e234f4d07f7545804097de4b666afd8/packaging-25.0-py3-none-any.whl", hash = "sha256:29572ef2b1f17581046b3a2227d5c611fb25ec70ca1ba8554b24b0e69331a484", size = 66469 },
]

[[package]]
name = "pluggy"
version = "1.6.0"
source = { registry = "https://pypi.org/simple" }
sdist = { url = "https://files.pythonhosted.org/packages/f9/e2/3e91f31a7d2b083fe6ef3fa267035b518369d9511ffab804f839851d2779/pluggy-1.6.0.tar.gz", hash = "sha256:7dcc130b76258d33b90f61b658791dede3486c3e6bfb003ee5c9bfb396dd22f3", size = 69412 }
wheels = [
    { url = "https://files.pythonhosted.org/packages/54/20/4d324d65cc6d9205fabedc306948156824eb9f0ee1633355a8f7ec5c66bf/pluggy-1.6.0-py3-none-any.whl", hash = "sha256:e920276dd6813095e9377c0bc5566d94c932c33b27a3e3945d8389c374dd4746", size = 20538 },
]

[[package]]
name = "psycopg"
version = "3.2.2"
source = { registry = "https://pypi.org/simple" }
dependencies = [
    { name = "tzdata", marker = "sys_platform == 'win32'" },
]
sdist = { url = "https://files.pythonhosted.org/packages/fe/70/d1e4c251be6e0752cbc7408f0556f8f922690837309442b9019122295712/psycopg-3.2.2.tar.gz", hash = "sha256:8bad2e497ce22d556dac1464738cb948f8d6bab450d965cf1d8a8effd52412e0", size = 155483 }
wheels = [
    { url = "https://files.pythonhosted.org/packages/3f/89/e63ec25b80290c4a923cdb5ecd5dbc85e310f93fb84b7f294006c9269d95/psycopg-3.2.2-py3-none-any.whl", hash = "sha256:babf565d459d8f72fb65da5e211dd0b58a52c51e4e1fa9cadecff42d6b7619b2", size = 197852 },
]

[package.optional-dependencies]
binary = [
    { name = "psycopg-binary", marker = "implementation_name != 'pypy'" },
]

[[package]]
name = "psycopg-binary"
version = "3.2.2"
source = { registry = "https://pypi.org/simple" }
wheels = [
    { url = "https://files.pythonhosted.org/packages/87/e5/245f749abdfc33b42ec2bc4d89fe2cdb29cd40dca7156d0e09308c33f933/psycopg_binary-3.2.2-cp313-cp313-macosx_12_0_x86_64.whl", hash = "sha256:1ee891287c2da57e7fee31fbe2fbcdf57125768133d811b02e9523d5a052eb28", size = 3358682 },
    { url = "https://files.pythonhosted.org/packages/93/dc/047a90e2bfd80a8414f5a203c7ff1747e3b3f43231c3c8059e8be91849cc/psycopg_binary-3.2.2-cp313-cp313-macosx_14_0_arm64.whl", hash = "sha256:5e95e4a8076ac7611e571623e1113fa84fd48c0459601969ffbf534d7aa236e7", size = 3500354 },
    { url = "https://files.pythonhosted.org/packages/df/72/b905dec41c30a8aad21f7767b21d3e5d3b9a7e92c1844678e4083d79257b/psycopg_binary-3.2.2-cp313-cp313-manylinux_2_17_aarch64.manylinux2014_aarch64.whl", hash = "sha256:6269d79a3d7d76b6fcf0fafae8444da00e83777a6c68c43851351a571ad37155", size = 4445322 },
    { url = "https://files.pythonhosted.org/packages/aa/41/aef11d4cda1af4a8181fbd578af39d6920232624fc6222f6b2f9758cc0e0/psycopg_binary-3.2.2-cp313-cp313-manylinux_2_17_i686.manylinux2014_i686.whl", hash = "sha256:d6dd5d21a298c3c53af20ced8da4ae4cd038c6fe88c80842a8888fa3660b2094", size = 4248626 },
    { url = "https://files.pythonhosted.org/packages/6c/75/39ed8598f44188e4985f31f2639aa9894851fdfbf061bf926744b08b5790/psycopg_binary-3.2.2-cp313-cp313-manylinux_2_17_ppc64le.manylinux2014_ppc64le.whl", hash = "sha256:4cf64e41e238620f05aad862f06bc8424f8f320d8075f1499bd85a225d18bd57", size = 4485767 },
    { url = "https://files.pythonhosted.org/packages/00/5a/ecdc4cf957d0658f77cc6fa61f6ee2e5118c914e5f93497375023389a1e5/psycopg_binary-3.2.2-cp313-cp313-manylinux_2_17_x86_64.manylinux2014_x86_64.whl", hash = "sha256:3c482c3236ded54add31136a91d5223b233ec301f297fa2db79747404222dca6", size = 4188840 },
    { url = "https://files.pythonhosted.org/packages/2d/71/af4c47a665d13d2477085f77fb64195da5d6463dd54fc3a8bdfd5c082d24/psycopg_binary-3.2.2-cp313-cp313-musllinux_1_2_aarch64.whl", hash = "sha256:0718be095cefdad712542169d16fa58b3bd9200a3de1b0217ae761cdec1cf569", size = 3114998 },
    { url = "https://files.pythonhosted.org/packages/38/8f/6d56168d2ce7e7d802e09a4288faceb52f28bd4023cde72ede9e848c9f9b/psycopg_binary-3.2.2-cp313-cp313-musllinux_1_2_i686.whl", hash = "sha256:fb303b03c243a9041e1873b596e246f7caaf01710b312fafa65b1db5cd77dd6f", size = 3095882 },
    { url = "https://files.pythonhosted.org/packages/8b/76/c77643d97292673d8a5e3eea643812d585993155658f840c86bfa855e077/psycopg_binary-3.2.2-cp313-cp313-musllinux_1_2_ppc64le.whl", hash = "sha256:705da5bc4364bd7529473225fca02b795653bc5bd824dbe43e1df0b1a40fe691", size = 3189435 },
    { url = "https://files.pythonhosted.org/packages/30/31/b4ea793bdf44acca51e3fa6f68cc80d03725e8ef87fc2ee2b332c49fa521/psycopg_binary-3.2.2-cp313-cp313-musllinux_1_2_x86_64.whl", hash = "sha256:05406b96139912574571b1c56bb023839a9146cf4b57c4548f36251dd5909fa1", size = 3233951 },
    { url = "https://files.pythonhosted.org/packages/49/e3/633d6d05e40651acb30458e296c90e878fa4caf3b3c21bb9e6adc912b811/psycopg_binary-3.2.2-cp313-cp313-win_amd64.whl", hash = "sha256:7c357cf87e8d7612cfe781225be7669f35038a765d1b53ec9605f6c5aef9ee85", size = 2913412 },
]

[[package]]
name = "pygments"
version = "2.19.2"
source = { registry = "https://pypi.org/simple" }
sdist = { url = "https://files.pythonhosted.org/packages/b0/77/a5b8c569bf593b0140bde72ea885a803b82086995367bf2037de0159d924/pygments-2.19.2.tar.gz", hash = "sha256:636cb2477cec7f8952536970bc533bc43743542f70392ae026374600add5b887", size = 4968631 }
wheels = [
    { url = "https://files.pythonhosted.org/packages/c7/21/705964c7812476f378728bdf590ca4b771ec72385c533964653c68e86bdc/pygments-2.19.2-py3-none-any.whl", hash = "sha256:86540386c03d588bb81d44bc3928634ff26449851e99741617ecb9037ee5ec0b", size = 1225217 },
]

[[package]]
name = "pysocks"
version = "1.7.1"
source = { registry = "https://pypi.org/simple" }
sdist = { url = "https://files.pythonhosted.org/packages/bd/11/293dd436aea955d45fc4e8a35b6ae7270f5b8e00b53cf6c024c83b657a11/PySocks-1.7.1.tar.gz", hash = "sha256:3f8804571ebe159c380ac6de37643bb4685970655d3bba243530d6558b799aa0", size = 284429 }
wheels = [
    { url = "https://files.pythonhosted.org/packages/8d/59/b4572118e098ac8e46e399a1dd0f2d85403ce8bbaad9ec79373ed6badaf9/PySocks-1.7.1-py3-none-any.whl", hash = "sha256:2725bd0a9925919b9b51739eea5f9e2bae91e83288108a9ad338b2e3a4435ee5", size = 16725 },
]

[[package]]
name = "pytest"
version = "8.4.2"
source = { registry = "https://pypi.org/simple" }
dependencies = [
    { name = "colorama", marker = "sys_platform == 'win32'" },
    { name = "iniconfig" },
    { name = "packaging" },
    { name = "pluggy" },
    { name = "pygments" },
]
sdist = { url = "https://files.pythonhosted.org/packages/a3/5c/00a0e072241553e1a7496d638deababa67c5058571567b92a7eaa258397c/pytest-8.4.2.tar.gz", hash = "sha256:86c0d0b93306b961d58d62a4db4879f27fe25513d4b969df351abdddb3c30e01", size = 1519618 }
wheels = [
    { url = "https://files.pythonhosted.org/packages/a8/a4/20da314d277121d6534b3a980b29035dcd51e6744bd79075a6ce8fa4eb8d/pytest-8.4.2-py3-none-any.whl", hash = "sha256:872f880de3fc3a5bdc88a11b39c9710c3497a547cfa9320bc3c5e62fbf272e79", size = 365750 },
]

[[package]]
name = "python-dotenv"
version = "1.0.1"
source = { registry = "https://pypi.org/simple" }
sdist = { url = "https://files.pythonhosted.org/packages/bc/57/e84d88dfe0aec03b7a2d4327012c1627ab5f03652216c63d49846d7a6c58/python-dotenv-1.0.1.tar.gz", hash = "sha256:e324ee90a023d808f1959c46bcbc04446a10ced277783dc6ee09987c37ec10ca", size = 39115 }
wheels = [
    { url = "https://files.pythonhosted.org/packages/6a/3e/b68c118422ec867fa7ab88444e1274aa40681c606d59ac27de5a5588f082/python_dotenv-1.0.1-py3-none-any.whl", hash = "sha256:f7b63ef50f1b690dddf550d03497b66d609393b40b564ed0d674909a68ebf16a", size = 19863 },
]

[[package]]
name = "pyyaml"
version = "6.0.2"
source = { registry = "https://pypi.org/simple" }
sdist = { url = "https://files.pythonhosted.org/packages/54/ed/79a089b6be93607fa5cdaedf301d7dfb23af5f25c398d5ead2525b063e17/pyyaml-6.0.2.tar.gz", hash = "sha256:d584d9ec91ad65861cc08d42e834324ef890a082e591037abe114850ff7bbc3e", size = 130631 }
wheels = [
    { url = "https://files.pythonhosted.org/packages/ef/e3/3af305b830494fa85d95f6d95ef7fa73f2ee1cc8ef5b495c7c3269fb835f/PyYAML-6.0.2-cp313-cp313-macosx_10_13_x86_64.whl", hash = "sha256:efdca5630322a10774e8e98e1af481aad470dd62c3170801852d752aa7a783ba", size = 181309 },
    { url = "https://files.pythonhosted.org/packages/45/9f/3b1c20a0b7a3200524eb0076cc027a970d320bd3a6592873c85c92a08731/PyYAML-6.0.2-cp313-cp313-macosx_11_0_arm64.whl", hash = "sha256:50187695423ffe49e2deacb8cd10510bc361faac997de9efef88badc3bb9e2d1", size = 171679 },
    { url = "https://files.pythonhosted.org/packages/7c/9a/337322f27005c33bcb656c655fa78325b730324c78620e8328ae28b64d0c/PyYAML-6.0.2-cp313-cp313-manylinux_2_17_aarch64.manylinux2014_aarch64.whl", hash = "sha256:0ffe8360bab4910ef1b9e87fb812d8bc0a308b0d0eef8c8f44e0254ab3b07133", size = 733428 },
    { url = "https://files.pythonhosted.org/packages/a3/69/864fbe19e6c18ea3cc196cbe5d392175b4cf3d5d0ac1403ec3f2d237ebb5/PyYAML-6.0.2-cp313-cp313-manylinux_2_17_s390x.manylinux2014_s390x.whl", hash = "sha256:17e311b6c678207928d649faa7cb0d7b4c26a0ba73d41e99c4fff6b6c3276484", size = 763361 },
    { url = "https://files.pythonhosted.org/packages/04/24/b7721e4845c2f162d26f50521b825fb061bc0a5afcf9a386840f23ea19fa/PyYAML-6.0.2-cp313-cp313-manylinux_2_17_x86_64.manylinux2014_x86_64.whl", hash = "sha256:70b189594dbe54f75ab3a1acec5f1e3faa7e8cf2f1e08d9b561cb41b845f69d5", size = 759523 },
    { url = "https://files.pythonhosted.org/packages/2b/b2/e3234f59ba06559c6ff63c4e10baea10e5e7df868092bf9ab40e5b9c56b6/PyYAML-6.0.2-cp313-cp313-musllinux_1_1_aarch64.whl", hash = "sha256:41e4e3953a79407c794916fa277a82531dd93aad34e29c2a514c2c0c5fe971cc", size = 726660 },
    { url = "https://files.pythonhosted.org/packages/fe/0f/25911a9f080464c59fab9027482f822b86bf0608957a5fcc6eaac85aa515/PyYAML-6.0.2-cp313-cp313-musllinux_1_1_x86_64.whl", hash = "sha256:68ccc6023a3400877818152ad9a1033e3db8625d899c72eacb5a668902e4d652", size = 751597 },
    { url = "https://files.pythonhosted.org/packages/14/0d/e2c3b43bbce3cf6bd97c840b46088a3031085179e596d4929729d8d68270/PyYAML-6.0.2-cp313-cp313-win32.whl", hash = "sha256:bc2fa7c6b47d6bc618dd7fb02ef6fdedb1090ec036abab80d4681424b84c1183", size = 140527 },
    { url = "https://files.pythonhosted.org/packages/fa/de/02b54f42487e3d3c6efb3f89428677074ca7bf43aae402517bc7cca949f3/PyYAML-6.0.2-cp313-cp313-win_amd64.whl", hash = "sha256:8388ee1976c416731879ac16da0aff3f63b286ffdd57cdeb95f3f2e085687563", size = 156446 },
]

[[package]]
name = "redis"
version = "5.0.8"
source = { registry = "https://pypi.org/simple" }
sdist = { url = "https://files.pythonhosted.org/packages/48/10/defc227d65ea9c2ff5244645870859865cba34da7373477c8376629746ec/redis-5.0.8.tar.gz", hash = "sha256:0c5b10d387568dfe0698c6fad6615750c24170e548ca2deac10c649d463e9870", size = 4595651 }
wheels = [
    { url = "https://files.pythonhosted.org/packages/c5/d1/19a9c76811757684a0f74adc25765c8a901d67f9f6472ac9d57c844a23c8/redis-5.0.8-py3-none-any.whl", hash = "sha256:56134ee08ea909106090934adc36f65c9bcbbaecea5b21ba704ba6fb561f8eb4", size = 255608 },
]

[[package]]
name = "requests"
version = "2.32.3"
source = { registry = "https://pypi.org/simple" }
dependencies = [
    { name = "certifi" },
    { name = "charset-normalizer" },
    { name = "idna" },
    { name = "urllib3" },
]
sdist = { url = "https://files.pythonhosted.org/packages/63/70/2bf7780ad2d390a8d301ad0b550f1581eadbd9a20f896afe06353c2a2913/requests-2.32.3.tar.gz", hash = "sha256:55365417734eb18255590a9ff9eb97e9e1da868d4ccd6402399eaf68af20a760", size = 131218 }
wheels = [
    { url = "https://files.pythonhosted.org/packages/f9/9b/335f9764261e915ed497fcdeb11df5dfd6f7bf257d4a6a2a686d80da4d54/requests-2.32.3-py3-none-any.whl", hash = "sha256:70761cfe03c773ceb22aa2f671b4757976145175cdfca038c02654d061d6dcc6", size = 64928 },
]

[package.optional-dependencies]
socks = [
    { name = "pysocks" },
]

[[package]]
name = "spondex"
version = "0.1.0"
source = { virtual = "." }
dependencies = [
    { name = "aiofiles" },
    { name = "aiohappyeyeballs" },
    { name = "aiohttp" },
    { name = "aiosignal" },
    { name = "attrs" },
    { name = "certifi" },
    { name = "charset-normalizer" },
    { name = "frozenlist" },
    { name = "idna" },
    { name = "load-dotenv" },
    { name = "multidict" },
    { name = "psycopg", extra = ["binary"] },
    { name = "pysocks" },
    { name = "python-dotenv" },
    { name = "pyyaml" },
    { name = "redis" },
    { name = "requests" },
    { name = "spotipy" },
    { name = "urllib3" },
    { name = "uv" },
    { name = "yandex-music" },
    { name = "yarl" },
]

[package.optional-dependencies]
dev = [
    { name = "pytest" },
]

[package.metadata]
requires-dist = [
    { name = "aiofiles", specifier = "==24.1.0" },
    { name = "aiohappyeyeballs", specifier = "==2.4.0" },
    { name = "aiohttp", specifier = "==3.10.5" },
    { name = "aiosignal", specifier = "==1.3.1" },
    { name = "attrs", specifier = "==24.2.0" },
    { name = "certifi", specifier = "==2024.8.30" },
    { name = "charset-normalizer", specifier = "==3.3.2" },
    { name = "frozenlist", specifier = "==1.4.1" },
    { name = "idna", specifier = "==3.8" },
    { name = "load-dotenv", specifier = "==0.1.0" },
    { name = "multidict", specifier = "==6.1.0" },
    { name = "psycopg", extras = ["binary"], specifier = "==3.2.2" },
    { name = "pysocks", specifier = "==1.7.1" },
    { name = "pytest", marker = "extra == 'dev'", specifier = ">=8.4,<9" },
    { name = "python-dotenv", specifier = "==1.0.1" },
    { name = "pyyaml", specifier = "==6.0.2" },
    { name = "redis", specifier = "==5.0.8" },
    { name = "requests", specifier = "==2.32.3" },
    { name = "spotipy", specifier = "==2.24.0" },
    { name = "urllib3", specifier = "==2.2.3" },
    { name = "uv", specifier = "==0.4.10" },
    { name = "yandex-music", specifier = "==2.2.0" },
    { name = "yarl", specifier = "==1.11.1" },
]

[[package]]
name = "spotipy"
version = "2.24.0"
source = { registry = "https://pypi.org/simple" }
dependencies = [
    { name = "redis" },
    { name = "requests" },
    { name = "urllib3" },
]
sdist = { url = "https://files.pythonhosted.org/packages/9b/10/145a649207a9d4067846045cca71262b8ea2140d1df3fa78581fbf1b9ec0/spotipy-2.24.0.tar.gz", hash = "sha256:396af81e642086551af157270cdfe742c1739405871ba9dac1fa651b8649ef0d", size = 41708 }
wheels = [
    { url = "https://files.pythonhosted.org/packages/ea/35/304e456a471128aa4a776243558f43aee3444731ef8fc9bc8c351fddfdd8/spotipy-2.24.0-py3-none-any.whl", hash = "sha256:c5aa7338c624a05a8a80dcf9c6761ded3d6bc2bc5df5f22d9398a895b11bd2ae", size = 30160 },
]

[[package]]
name = "tzdata"
version = "2025.2"
source = { registry = "https://pypi.org/simple" }
sdist = { url = "https://files.pythonhosted.org/packages/95/32/1a225d6164441be760d75c2c42e2780dc0873fe382da3e98a2e1e48361e5/tzdata-2025.2.tar.gz", hash = "sha256:b60a638fcc0daffadf82fe0f57e53d06bdec2f36c4df66280ae79bce6bd6f2b9", size = 196380 }
wheels = [
    { url = "https://files.pythonhosted.org/packages/5c/23/c7abc0ca0a1526a0774eca151daeb8de62ec457e77262b66b359c3c7679e/tzdata-2025.2-py2.py3-none-any.whl", hash = "sha256:1a403fada01ff9221ca8044d701868fa132215d84beb92242d9acd2147f667a8", size = 347839 },
]

[[package]]
name = "urllib3"
version = "2.2.3"
source = { registry = "https://pypi.org/simple" }
sdist = { url = "https://files.pythonhosted.org/packages/ed/63/22ba4ebfe7430b76388e7cd448d5478814d3032121827c12a2cc287e2260/urllib3-2.2.3.tar.gz", hash = "sha256:e7d814a81dad81e6caf2ec9fdedb284ecc9c73076b62654547cc64ccdcae26e9", size = 300677 }
wheels = [
    { url = "https://files.pythonhosted.org/packages/ce/d9/5f4c13cecde62396b0d3fe530a50ccea91e7dfc1ccf0e09c228841bb5ba8/urllib3-2.2.3-py3-none-any.whl", hash = "sha256:ca899ca043dcb1bafa3e262d73aa25c465bfb49e0bd9dd5d59f1d0acba2f8fac", size = 126338 },
]

[[package]]
name = "uv"
version = "0.4.10"
source = { registry = "https://pypi.org/simple" }
sdist = { url = "https://files.pythonhosted.org/packages/3b/bf/5b426cfd6c3d0b327d06afc16599ec41c99ee3c4d845ee627099cf1a72f8/uv-0.4.10.tar.gz", hash = "sha256:2ff29a2f55a697e78d787a41ab41d4b26421d200728289b88b6241d3b486c436", size = 1891876 }
wheels = [
    { url = "https://files.pythonhosted.org/packages/eb/dc/789692a8fda886c6b3fffc354d2af60978fb091d48209839a7268af8a31f/uv-0.4.10-py3-none-linux_armv6l.whl", hash = "sha256:99954a94dd6c4bff8a9a963c05bc3988214ea39e7511a52fda35112e1a478447", size = 11479241 },
    { url = "https://files.pythonhosted.org/packages/60/5a/6bff6e5ec5831c9470adfa5d4e3de4a914374a77f6335e482fa46b19d9b9/uv-0.4.10-py3-none-macosx_10_12_x86_64.whl", hash = "sha256:bc87d6c581cfed0979e0f5ee93383d46006c6d4a5e4eb9f43ef13bce61b50cc2", size = 11709579 },
    { url = "https://files.pythonhosted.org/packages/83/07/95096f172a43151c7a27e9d1a7d94f2e33b1204f3470a46bd18af5835c0d/uv-0.4.10-py3-none-macosx_11_0_arm64.whl", hash = "sha256:0f8b9ba4ecfbea343a00e46d509669606e55fe233d800752c4c25650473df358", size = 10862040 },
    { url = "https://files.pythonhosted.org/packages/55/2a/d1b9b1506158ba4dd711cd48d1d6ce931a98557836eecd0f20d03635d860/uv-0.4.10-py3-none-manylinux_2_17_aarch64.manylinux2014_aarch64.musllinux_1_1_aarch64.whl", hash = "sha256:a9dc1f8fca5c4a2f73054d9f56c7397e9fc6ba43baefc503d6f0128d72ea662f", size = 11199902 },
    { url = "https://files.pythonhosted.org/packages/49/a0/1210957c6aeeb13b0d4bbc8515969e7df34ceb193df4965872fbac665537/uv-0.4.10-py3-none-manylinux_2_17_armv7l.manylinux2014_armv7l.whl", hash = "sha256:30d1f8348a2b18e21a35c97ce42528781f242d0303881fc92fbacdcb653c8bca", size = 11269050 },
    { url = "https://files.pythonhosted.org/packages/94/ec/b0a3cb548fd5200ddfc84a46deb281192347a4ff47ee4b90c67a0a30979a/uv-0.4.10-py3-none-manylinux_2_17_i686.manylinux2014_i686.whl", hash = "sha256:b89dfd213359a23797155ff8175e5202ed6b84aadeb20df92132127608d46acf", size = 11877390 },
    { url = "https://files.pythonhosted.org/packages/b0/ff/2a72772622f0f24321b137444cb084b3bdc82d726cde539fbade4605eb7e/uv-0.4.10-py3-none-manylinux_2_17_ppc64.manylinux2014_ppc64.whl", hash = "sha256:e99e3f761875962942e0743b868bd666021d5e14c3df494e820ef8f45fb88578", size = 12664737 },
    { url = "https://files.pythonhosted.org/packages/90/f7/4e771e65250cef43864eb5869fa289cfc8cd0324f07c06937e37346ec2b5/uv-0.4.10-py3-none-manylinux_2_17_ppc64le.manylinux2014_ppc64le.whl", hash = "sha256:3be73788db9ceacb94a521cf67ca5cc08bac512aef71145b904ab62a3acabdae", size = 12410948 },
    { url = "https://files.pythonhosted.org/packages/42/c2/143e811303447a4452c9897a2013e32d111b5bc70dfd66a0ff484b5bf06b/uv-0.4.10-py3-none-manylinux_2_17_s390x.manylinux2014_s390x.whl", hash = "sha256:6ba1cc3070e5c63ce0a1421fbed28bd1b3ff520671d7badda11a501504c78394", size = 15892011 },
    { url = "https://files.pythonhosted.org/packages/ff/ac/957c277762c47f375c2a1731e591084d0657dda3df6edc256178f7d4b45a/uv-0.4.10-py3-none-manylinux_2_17_x86_64.manylinux2014_x86_64.whl", hash = "sha256:1b6b6c6b8cc0c4e54ab25e3b46e49d1e583e26c194572eb42bfeebf71b39cca2", size = 12186373 },
    { url = "https://files.pythonhosted.org/packages/ba/f7/002b5a17e9ab27f2c5f57ef044dbfee99033dc00739e6df0ca3891bcff97/uv-0.4.10-py3-none-manylinux_2_28_aarch64.whl", hash = "sha256:bc99e6b45303f0881a8dc199f0b7ea8261dd1779e576e8477a7721ceeeaafcc7", size = 11341756 },
    { url = "https://files.pythonhosted.org/packages/de/d7/8d00dc10f7fe4912b496c054d910292f797b64302318e558f2bb94a29ac6/uv-0.4.10-py3-none-musllinux_1_1_armv7l.whl", hash = "sha256:1ff5130b6f3af79c4e47f63db03215aed15e78cb4f1f51682af6f9949c2bcf00", size = 11129951 },
    { url = "https://files.pythonhosted.org/packages/0b/da/564711d76819bae3cea042ff75c6348b6d302ab7a1d02b6848dbbfefe94d/uv-0.4.10-py3-none-musllinux_1_1_i686.whl", hash = "sha256:8fa510dfbbde4f8ad5cd2769568c7b0c3e867b74deaf4beabcca79e74e7550cc", size = 11686193 },
    { url = "https://files.pythonhosted.org/packages/2d/2c/b3998dd4e4413d44c09dc7acba44bc116c978ac345d24eb1c7a4adbceea7/uv-0.4.10-py3-none-musllinux_1_1_ppc64le.whl", hash = "sha256:444e1cdb36d7ef103e52185f918800527c255dc369c9f90eb1f198dfa3f4d5bc", size = 13453677 },
    { url = "https://files.pythonhosted.org/packages/04/8a/3313ce320024da059d7624b7ab39251d6da4caf067359797abb0c3afe5cf/uv-0.4.10-py3-none-musllinux_1_1_x86_64.whl", hash = "sha256:97a1187e11a9df70d55bc577721ad4a19441cda56e4d69fb2f38d88c7650d2a0", size = 12300196 },
    { url = "https://files.pythonhosted.org/packages/a4/24/8b45f4129fdc3b8072db213418692f36e80a9d6542e761b6077fa4325762/uv-0.4.10-py3-none-win32.whl", hash = "sha256:0784f75093a75390d8d480cc8a444516e78f08849db9a13c21791a5f651df4a1", size = 11594212 },
    { url = "https://files.pythonhosted.org/packages/1b/93/44be9610ff870127f0500d5b36e98b823aebb3fa7a8addbfa91ed1aeb715/uv-0.4.10-py3-none-win_amd64.whl", hash = "sha256:ff9046a8c5e836e892ac7741e672ee016e92e55c659fa8195595df65a1f3accf", size = 12842773 },
]

[[package]]
name = "yandex-music"
version = "2.2.0"
source = { registry = "https://pypi.org/simple" }
dependencies = [
    { name = "aiofiles" },
    { name = "aiohttp" },
    { name = "requests", extra = ["socks"] },
]
sdist = { url = "https://files.pythonhosted.org/packages/42/85/9f1d9e1327b558d74ee43e3d3f84b7b7e536c79a372cf83fcbf392ab2d3c/yandex-music-2.2.0.tar.gz", hash = "sha256:46beaacf8206de212323264c89e0bd4f4e2e626483dfa58f95e78cacd1a102cf", size = 168538 }

[[package]]
name = "yarl"
version = "1.11.1"
source = { registry = "https://pypi.org/simple" }
dependencies = [
    { name = "idna" },
    { name = "multidict" },
]
sdist = { url = "https://files.pythonhosted.org/packages/e4/3d/4924f9ed49698bac5f112bc9b40aa007bbdcd702462c1df3d2e1383fb158/yarl-1.11.1.tar.gz", hash = "sha256:1bb2d9e212fb7449b8fb73bc461b51eaa17cc8430b4a87d87be7b25052d92f53", size = 162095 }
wheels = [
    { url = "https://files.pythonhosted.org/packages/07/b7/948e4f427817e0178f3737adf6712fea83f76921e11e2092f403a8a9dc4a/yarl-1.11.1-cp313-cp313-macosx_10_13_universal2.whl", hash = "sha256:1fa2e7a406fbd45b61b4433e3aa254a2c3e14c4b3186f6e952d08a730807fa0c", size = 185061 },
    { url = "https://files.pythonhosted.org/packages/f3/67/8d91ad79a3b907b4fef27fafa912350554443ba53364fff3c347b41105cb/yarl-1.11.1-cp313-cp313-macosx_10_13_x86_64.whl", hash = "sha256:750f656832d7d3cb0c76be137ee79405cc17e792f31e0a01eee390e383b2936e", size = 113056 },
    { url = "https://files.pythonhosted.org/packages/a1/77/6b2348a753702fa87f435cc33dcec21981aaca8ef98a46566a7b29940b4a/yarl-1.11.1-cp313-cp313-macosx_11_0_arm64.whl", hash = "sha256:0b8486f322d8f6a38539136a22c55f94d269addb24db5cb6f61adc61eabc9d93", size = 110958 },
    { url = "https://files.pythonhosted.org/packages/8e/3e/6eadf32656741549041f549a392f3b15245d3a0a0b12a9bc22bd6b69621f/yarl-1.11.1-cp313-cp313-manylinux_2_17_aarch64.manylinux2014_aarch64.whl", hash = "sha256:3fce4da3703ee6048ad4138fe74619c50874afe98b1ad87b2698ef95bf92c96d", size = 470326 },
    { url = "https://files.pythonhosted.org/packages/3d/a4/1b641a8c7899eeaceec45ff105a2e7206ec0eb0fb9d86403963cc8521c5e/yarl-1.11.1-cp313-cp313-manylinux_2_17_ppc64le.manylinux2014_ppc64le.whl", hash = "sha256:8ed653638ef669e0efc6fe2acb792275cb419bf9cb5c5049399f3556995f23c7", size = 484778 },
    { url = "https://files.pythonhosted.org/packages/8a/f5/80c142f34779a5c26002b2bf1f73b9a9229aa9e019ee6f9fd9d3e9704e78/yarl-1.11.1-cp313-cp313-manylinux_2_17_s390x.manylinux2014_s390x.whl", hash = "sha256:18ac56c9dd70941ecad42b5a906820824ca72ff84ad6fa18db33c2537ae2e089", size = 485568 },
    { url = "https://files.pythonhosted.org/packages/f8/f2/6b40ffea2d5d3a11f514ab23c30d14f52600c36a3210786f5974b6701bb8/yarl-1.11.1-cp313-cp313-manylinux_2_17_x86_64.manylinux2014_x86_64.whl", hash = "sha256:688654f8507464745ab563b041d1fb7dab5d9912ca6b06e61d1c4708366832f5", size = 477801 },
    { url = "https://files.pythonhosted.org/packages/4c/1a/e60c116f3241e4842ed43c104eb2751abe02f6bac0301cdae69e4fda9c3a/yarl-1.11.1-cp313-cp313-manylinux_2_5_i686.manylinux1_i686.manylinux_2_17_i686.manylinux2014_i686.whl", hash = "sha256:4973eac1e2ff63cf187073cd4e1f1148dcd119314ab79b88e1b3fad74a18c9d5", size = 455361 },
    { url = "https://files.pythonhosted.org/packages/b9/98/fe0aeee425a4bc5cd3ed86e867661d2bfa782544fa07a8e3dcd97d51ae3d/yarl-1.11.1-cp313-cp313-musllinux_1_2_aarch64.whl", hash = "sha256:964a428132227edff96d6f3cf261573cb0f1a60c9a764ce28cda9525f18f7786", size = 473893 },
    { url = "https://files.pythonhosted.org/packages/6b/9b/677455d146bd3cecd350673f0e4bb28854af66726493ace3b640e9c5552b/yarl-1.11.1-cp313-cp313-musllinux_1_2_i686.whl", hash = "sha256:6d23754b9939cbab02c63434776df1170e43b09c6a517585c7ce2b3d449b7318", size = 476407 },
    { url = "https://files.pythonhosted.org/packages/33/ca/ce85766247a9a9b56654428fb78a3e14ea6947a580a9c4e891b3aa7da322/yarl-1.11.1-cp313-cp313-musllinux_1_2_ppc64le.whl", hash = "sha256:c2dc4250fe94d8cd864d66018f8344d4af50e3758e9d725e94fecfa27588ff82", size = 490848 },
    { url = "https://files.pythonhosted.org/packages/6d/d6/717f0f19bcf2c4705ad95550b4b6319a0d8d1d4f137ea5e223207f00df50/yarl-1.11.1-cp313-cp313-musllinux_1_2_s390x.whl", hash = "sha256:09696438cb43ea6f9492ef237761b043f9179f455f405279e609f2bc9100212a", size = 501084 },
    { url = "https://files.pythonhosted.org/packages/14/b5/b93c70d9a462b802c8df65c64b85f49d86b4ba70c393fbad95cf7ec053cb/yarl-1.11.1-cp313-cp313-musllinux_1_2_x86_64.whl", hash = "sha256:999bfee0a5b7385a0af5ffb606393509cfde70ecca4f01c36985be6d33e336da", size = 491776 },
    { url = "https://files.pythonhosted.org/packages/03/0f/5a52eaa402a6a93265ba82f42c6f6085ccbe483e1b058ad34207e75812b1/yarl-1.11.1-cp313-cp313-win32.whl", hash = "sha256:ce928c9c6409c79e10f39604a7e214b3cb69552952fbda8d836c052832e6a979", size = 485250 },
    { url = "https://files.pythonhosted.org/packages/dd/97/946d26a5d82706a6769399cabd472c59f9a3227ce1432afb4739b9c29572/yarl-1.11.1-cp313-cp313-win_amd64.whl", hash = "sha256:501c503eed2bb306638ccb60c174f856cc3246c861829ff40eaa80e2f0330367", size = 492590 },
    { url = "https://files.pythonhosted.org/packages/5b/b3/841f7d706137bdc8b741c6826106b6f703155076d58f1830f244da857451/yarl-1.11.1-py3-none-any.whl", hash = "sha256:72bf26f66456baa0584eff63e44545c9f0eaed9b73cb6601b647c91f14c11f38", size = 38648 },
]
